
Microsoft Visual Studio Solution File, Format Version 12.00
# Visual Studio Version 16
VisualStudioVersion = 16.0.29318.209
MinimumVisualStudioVersion = 10.0.40219.1
Project("{FAE04EC0-301F-11D3-BF4B-00C04F79EFBC}") = "Tres_Camadas", "Tres_Camadas\Tres_Camadas.csproj", "{9E2C4AAE-2AB8-4271-AEFE-05767ED598ED}"
EndProject
Project("{FAE04EC0-301F-11D3-BF4B-00C04F79EFBC}") = "DatabaseSQL", "DatabaseSQL\DatabaseSQL.csproj", "{6EAF2F4B-0665-4DBF-BADE-372A0A4E379C}"
EndProject
Project("{FAE04EC0-301F-11D3-BF4B-00C04F79EFBC}") = "Business", "Business\Business.csproj", "{3E8DA1DA-A13E-4C2E-8AD5-611241F6663E}"
EndProject
Project("{FAE04EC0-301F-11D3-BF4B-00C04F79EFBC}") = "UI", "UI\UI.csproj", "{77F32711-AD2E-4CF7-836C-1A77CB8A3AA0}"
EndProject
Global
	GlobalSection(SolutionConfigurationPlatforms) = preSolution
		Debug|Any CPU = Debug|Any CPU
		Release|Any CPU = Release|Any CPU
	EndGlobalSection
	GlobalSection(ProjectConfigurationPlatforms) = postSolution
		{9E2C4AAE-2AB8-4271-AEFE-05767ED598ED}.Debug|Any CPU.ActiveCfg = Debug|Any CPU
		{9E2C4AAE-2AB8-4271-AEFE-05767ED598ED}.Debug|Any CPU.Build.0 = Debug|Any CPU
		{9E2C4AAE-2AB8-4271-AEFE-05767ED598ED}.Release|Any CPU.ActiveCfg = Release|Any CPU
		{9E2C4AAE-2AB8-4271-AEFE-05767ED598ED}.Release|Any CPU.Build.0 = Release|Any CPU
		{6EAF2F4B-0665-4DBF-BADE-372A0A4E379C}.Debug|Any CPU.ActiveCfg = Debug|Any CPU
		{6EAF2F4B-0665-4DBF-BADE-372A0A4E379C}.Debug|Any CPU.Build.0 = Debug|Any CPU
		{6EAF2F4B-0665-4DBF-BADE-372A0A4E379C}.Release|Any CPU.ActiveCfg = Release|Any CPU
		{6EAF2F4B-0665-4DBF-BADE-372A0A4E379C}.Release|Any CPU.Build.0 = Release|Any CPU
		{3E8DA1DA-A13E-4C2E-8AD5-611241F6663E}.Debug|Any CPU.ActiveCfg = Debug|Any CPU
		{3E8DA1DA-A13E-4C2E-8AD5-611241F6663E}.Debug|Any CPU.Build.0 = Debug|Any CPU
		{3E8DA1DA-A13E-4C2E-8AD5-611241F6663E}.Release|Any CPU.ActiveCfg = Release|Any CPU
		{3E8DA1DA-A13E-4C2E-8AD5-611241F6663E}.Release|Any CPU.Build.0 = Release|Any CPU
		{77F32711-AD2E-4CF7-836C-1A77CB8A3AA0}.Debug|Any CPU.ActiveCfg = Debug|Any CPU
		{77F32711-AD2E-4CF7-836C-1A77CB8A3AA0}.Debug|Any CPU.Build.0 = Debug|Any CPU
		{77F32711-AD2E-4CF7-836C-1A77CB8A3AA0}.Release|Any CPU.ActiveCfg = Release|Any CPU
		{77F32711-AD2E-4CF7-836C-1A77CB8A3AA0}.Release|Any CPU.Build.0 = Release|Any CPU
	EndGlobalSection
	GlobalSection(SolutionProperties) = preSolution
		HideSolutionNode = FALSE
	EndGlobalSection
	GlobalSection(ExtensibilityGlobals) = postSolution
		SolutionGuid = {FEF9C7FD-B486-404E-B981-C268E4D0BA14}
	EndGlobalSection
EndGlobal
